<?xml version="1.0" encoding="utf-8"?>
<Project ToolsVersion="4.0" xmlns="http://schemas.microsoft.com/developer/msbuild/2003">
  <ItemGroup>
    <Filter Include="Source Files">
      <UniqueIdentifier>{4FC737F1-C7A5-4376-A066-2A32D752A2FF}</UniqueIdentifier>
      <Extensions>cpp;c;cc;cxx;def;odl;idl;hpj;bat;asm;asmx</Extensions>
    </Filter>
    <Filter Include="Header Files">
      <UniqueIdentifier>{93995380-89BD-4b04-88EB-625FBE52EBFB}</UniqueIdentifier>
      <Extensions>h;hh;hpp;hxx;hm;inl;inc;xsd</Extensions>
    </Filter>
    <Filter Include="Resource Files">
      <UniqueIdentifier>{D9D6E242-F8AF-46E4-B9FD-80ECBC20BA3E}</UniqueIdentifier>
      <Extensions>qrc;*</Extensions>
      <ParseFiles>false</ParseFiles>
    </Filter>
    <Filter Include="Form Files">
      <UniqueIdentifier>{99349809-55BA-4b9d-BF79-8FDBB0286EB3}</UniqueIdentifier>
      <Extensions>ui</Extensions>
    </Filter>
    <Filter Include="Resource Files">
      <UniqueIdentifier>{D9D6E242-F8AF-46E4-B9FD-80ECBC20BA3E}</UniqueIdentifier>
      <Extensions>qrc;*</Extensions>
      <ParseFiles>false</ParseFiles>
    </Filter>
    <Filter Include="Generated Files">
      <UniqueIdentifier>{71ED8ED8-ACB9-4CE9-BBE1-E00B30144E11}</UniqueIdentifier>
      <Extensions>moc;h;cpp</Extensions>
      <SourceControlFiles>False</SourceControlFiles>
    </Filter>
    <Filter Include="widget">
      <UniqueIdentifier>{24a64496-d3b9-460f-80c7-1262395eb02e}</UniqueIdentifier>
    </Filter>
    <Filter Include="network">
      <UniqueIdentifier>{d64c50c1-3a03-4b2d-83a3-30a5bdee7da8}</UniqueIdentifier>
    </Filter>
    <Filter Include="excel">
      <UniqueIdentifier>{b9f39fa5-69f5-4c15-954c-08e0f654ca06}</UniqueIdentifier>
    </Filter>
  </ItemGroup>
  <ItemGroup>
    <ClCompile Include="..\source\main.cpp">
      <Filter>Source Files</Filter>
    </ClCompile>
    <ClCompile Include="..\source\SimulatorCtl.cpp">
      <Filter>Source Files</Filter>
    </ClCompile>
    <ClCompile Include="..\source\SensingWidget.cpp">
      <Filter>widget</Filter>
    </ClCompile>
    <ClCompile Include="..\source\NetWorkManager.cpp">
      <Filter>network</Filter>
    </ClCompile>
    <ClCompile Include="..\source\SimulationPlatform.cpp">
      <Filter>Source Files</Filter>
    </ClCompile>
    <ClCompile Include="..\source\SimulationNetWorkManager.cpp">
      <Filter>Source Files</Filter>
    </ClCompile>
    <ClCompile Include="..\source\UDPSocketImp.cpp">
      <Filter>network</Filter>
    </ClCompile>
    <ClCompile Include="..\source\LogSystem.cpp">
      <Filter>Source Files</Filter>
    </ClCompile>
    <ClCompile Include="..\source\excel\BasicExcel.cpp">
      <Filter>excel</Filter>
    </ClCompile>
    <ClCompile Include="..\source\SimulationSendThread.cpp">
      <Filter>network</Filter>
    </ClCompile>
    <ClCompile Include="..\source\vector3D.cpp">
      <Filter>Header Files</Filter>
    </ClCompile>
    <ClCompile Include="..\source\EffectsManager.cpp">
      <Filter>Source Files</Filter>
    </ClCompile>
    <ClCompile Include="..\source\EffectsConfig.cpp">
      <Filter>Source Files</Filter>
    </ClCompile>
    <ClCompile Include="..\source\FileManageThread.cpp">
      <Filter>Source Files</Filter>
    </ClCompile>
  </ItemGroup>
  <ItemGroup>
    <QtMoc Include="..\source\SimulatorCtl.h">
      <Filter>Source Files</Filter>
    </QtMoc>
    <QtMoc Include="..\source\SensingWidget.h">
      <Filter>widget</Filter>
    </QtMoc>
    <QtMoc Include="..\source\NetWorkManager.h">
      <Filter>network</Filter>
    </QtMoc>
    <QtMoc Include="..\source\SimulationPlatform.h">
      <Filter>Source Files</Filter>
    </QtMoc>
    <QtMoc Include="..\source\SimulationNetWorkManager.h">
      <Filter>Source Files</Filter>
    </QtMoc>
    <QtMoc Include="..\source\UDPSocketImp.h">
      <Filter>network</Filter>
    </QtMoc>
    <QtMoc Include="..\source\SimulationSendThread.h">
      <Filter>network</Filter>
    </QtMoc>
    <QtMoc Include="..\source\EffectsManager.h">
      <Filter>Source Files</Filter>
    </QtMoc>
    <QtMoc Include="..\source\FileManageThread.h">
      <Filter>Source Files</Filter>
    </QtMoc>
  </ItemGroup>
  <ItemGroup>
    <QtUic Include="..\source\SimulatorCtl.ui">
      <Filter>Source Files</Filter>
    </QtUic>
    <QtUic Include="..\source\SensingWidget.ui">
      <Filter>widget</Filter>
    </QtUic>
  </ItemGroup>
  <ItemGroup>
    <QtRcc Include="SimulatorCtl.qrc">
      <Filter>Resource Files</Filter>
    </QtRcc>
  </ItemGroup>
  <ItemGroup>
    <ClInclude Include="..\include\CommonHeader.h">
      <Filter>Header Files</Filter>
    </ClInclude>
    <ClInclude Include="..\source\LogSystem.h">
      <Filter>Source Files</Filter>
    </ClInclude>
    <ClInclude Include="resource.h">
      <Filter>Header Files</Filter>
    </ClInclude>
    <ClInclude Include="..\source\excel\BasicExcel.hpp">
      <Filter>excel</Filter>
    </ClInclude>
    <ClInclude Include="..\source\vector3D.h">
      <Filter>Header Files</Filter>
    </ClInclude>
    <ClInclude Include="..\source\EffectsConfig.h">
      <Filter>Source Files</Filter>
    </ClInclude>
  </ItemGroup>
  <ItemGroup>
    <ResourceCompile Include="SimulatorCtl.rc" />
  </ItemGroup>
  <ItemGroup>
    <Image Include="img\icon.ico" />
  </ItemGroup>
</Project>